
Microsoft Visual Studio Solution File, Format Version 12.00
# Visual Studio Version 16
VisualStudioVersion = 16.0.29613.14
MinimumVisualStudioVersion = 10.0.40219.1
Project("{FAE04EC0-301F-11D3-BF4B-00C04F79EFBC}") = "GætteSpil", "GætteSpil.csproj", "{71A7CF56-4CC1-4D0E-8B21-5E39221FFE06}"
EndProject
Global
	GlobalSection(SolutionConfigurationPlatforms) = preSolution
		Debug|Any CPU = Debug|Any CPU
		Release|Any CPU = Release|Any CPU
	EndGlobalSection
	GlobalSection(ProjectConfigurationPlatforms) = postSolution
		{71A7CF56-4CC1-4D0E-8B21-5E39221FFE06}.Debug|Any CPU.ActiveCfg = Debug|Any CPU
		{71A7CF56-4CC1-4D0E-8B21-5E39221FFE06}.Debug|Any CPU.Build.0 = Debug|Any CPU
		{71A7CF56-4CC1-4D0E-8B21-5E39221FFE06}.Release|Any CPU.ActiveCfg = Release|Any CPU
		{71A7CF56-4CC1-4D0E-8B21-5E39221FFE06}.Release|Any CPU.Build.0 = Release|Any CPU
	EndGlobalSection
	GlobalSection(SolutionProperties) = preSolution
		HideSolutionNode = FALSE
	EndGlobalSection
	GlobalSection(ExtensibilityGlobals) = postSolution
		SolutionGuid = {F1902CB0-D59A-4C7B-8620-9EE9919CCA17}
	EndGlobalSection
EndGlobal
